
Microsoft Visual Studio Solution File, Format Version 12.00
# Visual Studio Version 17
VisualStudioVersion = 17.12.35707.178
MinimumVisualStudioVersion = 10.0.40219.1
Project("{FAE04EC0-301F-11D3-BF4B-00C04F79EFBC}") = "Task_02_02", "Task_02_02\Task_02_02.csproj", "{A9167152-3E5A-49CD-8364-0F4A636FEC84}"
EndProject
Project("{FAE04EC0-301F-11D3-BF4B-00C04F79EFBC}") = "Task_02_04", "Task_02_04\Task_02_04.csproj", "{E9CEF1CE-C538-4AC3-BE4F-348906DDAF56}"
EndProject
Project("{FAE04EC0-301F-11D3-BF4B-00C04F79EFBC}") = "Task_03_04", "Task_03_04\Task_03_04.csproj", "{F7E4F1D7-46BB-40E0-9F3F-BD87D38E12B1}"
EndProject
Project("{FAE04EC0-301F-11D3-BF4B-00C04F79EFBC}") = "Task_03_05", "Task_03_05\Task_03_05.csproj", "{B7B4DB1D-7F24-4BB6-87E1-5A8C7933FC10}"
EndProject
Project("{FAE04EC0-301F-11D3-BF4B-00C04F79EFBC}") = "Task_03_06", "Task_03_06\Task_03_06.csproj", "{33B964BC-5FF9-4056-BCFC-CD100C9C0348}"
EndProject
Project("{FAE04EC0-301F-11D3-BF4B-00C04F79EFBC}") = "Task_03_07", "Task_03_07\Task_03_07.csproj", "{95C6AE97-F27D-45A5-8B6C-FEF50639C051}"
EndProject
Project("{FAE04EC0-301F-11D3-BF4B-00C04F79EFBC}") = "Task_03_08", "Task_03_08\Task_03_08.csproj", "{DA04EE6F-32EC-464A-9349-619C8851C542}"
EndProject
Project("{FAE04EC0-301F-11D3-BF4B-00C04F79EFBC}") = "Task_03_09", "Task_03_09\Task_03_09.csproj", "{201BB5D5-3EED-4B27-A4AA-FB8B66E14159}"
EndProject
Project("{FAE04EC0-301F-11D3-BF4B-00C04F79EFBC}") = "Task_04_05", "Task_04_05\Task_04_05.csproj", "{0FDD1C27-495F-4937-9F31-F658A1CFB73E}"
EndProject
Project("{FAE04EC0-301F-11D3-BF4B-00C04F79EFBC}") = "Task_04_06", "Task_04_06\Task_04_06.csproj", "{6D104787-79D9-4BAB-B041-EC55FC9859C9}"
EndProject
Project("{2150E333-8FDC-42A3-9474-1A3956D46DE8}") = "Урок 2", "Урок 2", "{5CD9ED05-FDAB-4781-95CA-8F9E6FB19A6C}"
EndProject
Project("{2150E333-8FDC-42A3-9474-1A3956D46DE8}") = "Урок 3", "Урок 3", "{68E72B1C-36A9-4CF8-A554-AEB85C08BA81}"
EndProject
Project("{2150E333-8FDC-42A3-9474-1A3956D46DE8}") = "Урок 4", "Урок 4", "{00CFBB52-2FD7-479F-8A12-0A841D964491}"
EndProject
Project("{FAE04EC0-301F-11D3-BF4B-00C04F79EFBC}") = "Task_04_07", "Task_04_07\Task_04_07.csproj", "{2B7991EC-B779-4DE4-94D5-C6B7CF323C7F}"
EndProject
Project("{FAE04EC0-301F-11D3-BF4B-00C04F79EFBC}") = "Task_04_08", "Task_04_08\Task_04_08.csproj", "{4F89BEA5-9EBE-4DBC-BD90-1912E1EA4CC2}"
EndProject
Project("{FAE04EC0-301F-11D3-BF4B-00C04F79EFBC}") = "Task_04_09", "Task_04_09\Task_04_09.csproj", "{425BF184-2035-4720-BB53-E7E273763FDA}"
EndProject
Project("{FAE04EC0-301F-11D3-BF4B-00C04F79EFBC}") = "Task_04_10", "Task_04_10\Task_04_10.csproj", "{A1E1605D-D3D9-4318-86C8-EBEC2ECB2299}"
EndProject
Project("{2150E333-8FDC-42A3-9474-1A3956D46DE8}") = "Урок 5", "Урок 5", "{12AFE04F-8F51-4B70-A8A8-7E04169D2438}"
EndProject
Project("{FAE04EC0-301F-11D3-BF4B-00C04F79EFBC}") = "Task_05_03", "Task_05_03\Task_05_03.csproj", "{896401D6-F2A7-4CF8-A07D-DAFD179F3738}"
EndProject
Project("{FAE04EC0-301F-11D3-BF4B-00C04F79EFBC}") = "Task_05_04", "Task_05_04\Task_05_04.csproj", "{4EF12B0A-189B-4E27-9B94-4A1135FB2784}"
EndProject
Project("{FAE04EC0-301F-11D3-BF4B-00C04F79EFBC}") = "Task_05_05", "Task_05_05\Task_05_05.csproj", "{3AE3FD5D-23C7-4E92-B528-75E7F813794F}"
EndProject
Project("{FAE04EC0-301F-11D3-BF4B-00C04F79EFBC}") = "Task_05_06", "Task_05_06\Task_05_06.csproj", "{AA5E762F-0001-416E-B266-70BBE77C4B31}"
EndProject
Project("{FAE04EC0-301F-11D3-BF4B-00C04F79EFBC}") = "Task_05_07", "Task_05_07\Task_05_07.csproj", "{8DF6987D-DCE0-4C2A-8255-E2A7BBDB60D1}"
EndProject
Project("{FAE04EC0-301F-11D3-BF4B-00C04F79EFBC}") = "Task_05_08", "Task_05_08\Task_05_08.csproj", "{A2C48A96-2908-4B91-A624-0E0C3EED4A47}"
EndProject
Project("{FAE04EC0-301F-11D3-BF4B-00C04F79EFBC}") = "Task_05_09", "Task_05_09\Task_05_09.csproj", "{708EA071-1653-4176-9D14-FFB85DE3424F}"
EndProject
Project("{2150E333-8FDC-42A3-9474-1A3956D46DE8}") = "Урок 10", "Урок 10", "{BE0D7751-8E28-4300-B952-66C4B4E7E993}"
EndProject
Project("{FAE04EC0-301F-11D3-BF4B-00C04F79EFBC}") = "Task_10_06", "Task_10_06\Task_10_06.csproj", "{0EDC5CCB-0DDE-476F-B286-F65024E0D5B6}"
EndProject
Project("{FAE04EC0-301F-11D3-BF4B-00C04F79EFBC}") = "Task_10_07", "Task_10_07\Task_10_07.csproj", "{A3A56BE0-8A78-4A56-BFFB-8AC49223D3A4}"
EndProject
Project("{FAE04EC0-301F-11D3-BF4B-00C04F79EFBC}") = "Task_10_08", "Task_10_08\Task_10_08.csproj", "{49D03CD3-B469-4364-A750-D12FCAE9FECD}"
EndProject
Project("{2150E333-8FDC-42A3-9474-1A3956D46DE8}") = "Урок 11", "Урок 11", "{87A4C1FA-7D1D-4A17-B15A-60BAB1EE70EC}"
EndProject
Project("{FAE04EC0-301F-11D3-BF4B-00C04F79EFBC}") = "Task_11_01", "Task_11_01\Task_11_01.csproj", "{86537089-178A-4486-8DE7-B767859A0DB6}"
EndProject
Project("{FAE04EC0-301F-11D3-BF4B-00C04F79EFBC}") = "Task_11_02", "Task_11_02\Task_11_02.csproj", "{01D9CE8A-6341-4ED0-A5C7-9B933FAC9C6F}"
EndProject
Project("{FAE04EC0-301F-11D3-BF4B-00C04F79EFBC}") = "Task_11_03", "Task_11_03\Task_11_03.csproj", "{661127E6-2470-4186-A1E1-CA507874C784}"
EndProject
Project("{FAE04EC0-301F-11D3-BF4B-00C04F79EFBC}") = "Task_11_04", "Task_11_04\Task_11_04.csproj", "{928B1352-E901-4CCB-B2E7-4EFEAA0555A6}"
EndProject
Project("{FAE04EC0-301F-11D3-BF4B-00C04F79EFBC}") = "Task_11_05", "Task_11_05\Task_11_05.csproj", "{6DE7494A-1066-49B7-AF1B-6478FD3E22D0}"
EndProject
Project("{FAE04EC0-301F-11D3-BF4B-00C04F79EFBC}") = "Task_11_06", "Task_11_06\Task_11_06.csproj", "{BF899532-B48E-4EB7-A577-FE7212D2DEC6}"
EndProject
Project("{FAE04EC0-301F-11D3-BF4B-00C04F79EFBC}") = "Task_11_07", "Task_11_07\Task_11_07.csproj", "{4B940622-3D56-4BB8-8C7B-3C73BF3CD111}"
EndProject
Project("{FAE04EC0-301F-11D3-BF4B-00C04F79EFBC}") = "Task_11_08", "Task_11_08\Task_11_08.csproj", "{1698D7B4-C246-4DA2-9B99-20C8334BB244}"
EndProject
Project("{2150E333-8FDC-42A3-9474-1A3956D46DE8}") = "Урок 12", "Урок 12", "{6E42BBC8-19CB-4BDB-97B3-EF1D2E8817FA}"
EndProject
Project("{FAE04EC0-301F-11D3-BF4B-00C04F79EFBC}") = "Task_12_01", "Task_12_01\Task_12_01.csproj", "{73A5A5FF-AFA2-4165-A37B-7712D039CF34}"
EndProject
Project("{FAE04EC0-301F-11D3-BF4B-00C04F79EFBC}") = "Task_12_02", "Task_12_02\Task_12_02.csproj", "{BC9003BF-B05F-45BB-9AE0-FF38E1F1BC03}"
EndProject
Project("{2150E333-8FDC-42A3-9474-1A3956D46DE8}") = "Урок 13", "Урок 13", "{4A28BB0E-1570-400E-B67A-BE8932035042}"
EndProject
Project("{FAE04EC0-301F-11D3-BF4B-00C04F79EFBC}") = "Task_13_02", "Task_13_02\Task_13_02.csproj", "{55AE797A-FA74-4546-B2B8-3049CE769B1B}"
EndProject
Project("{FAE04EC0-301F-11D3-BF4B-00C04F79EFBC}") = "Task_13_03", "Task_13_03\Task_13_03.csproj", "{7EAEE005-5879-421E-A952-9DA3FD12171E}"
EndProject
Project("{FAE04EC0-301F-11D3-BF4B-00C04F79EFBC}") = "Task_14_03", "Task_14_03\Task_14_03.csproj", "{6A278530-CA81-4A04-9812-D57978301DAF}"
EndProject
Project("{2150E333-8FDC-42A3-9474-1A3956D46DE8}") = "Урок 14", "Урок 14", "{4462AD99-DBC6-41BF-8B5B-9B5D1DA7F31C}"
EndProject
Project("{FAE04EC0-301F-11D3-BF4B-00C04F79EFBC}") = "Task_14_04", "Task_14_04\Task_14_04.csproj", "{19BBFB9F-7978-4E20-BA59-B4261192FB1B}"
EndProject
Global
	GlobalSection(SolutionConfigurationPlatforms) = preSolution
		Debug|Any CPU = Debug|Any CPU
		Release|Any CPU = Release|Any CPU
	EndGlobalSection
	GlobalSection(ProjectConfigurationPlatforms) = postSolution
		{A9167152-3E5A-49CD-8364-0F4A636FEC84}.Debug|Any CPU.ActiveCfg = Debug|Any CPU
		{A9167152-3E5A-49CD-8364-0F4A636FEC84}.Debug|Any CPU.Build.0 = Debug|Any CPU
		{A9167152-3E5A-49CD-8364-0F4A636FEC84}.Release|Any CPU.ActiveCfg = Release|Any CPU
		{A9167152-3E5A-49CD-8364-0F4A636FEC84}.Release|Any CPU.Build.0 = Release|Any CPU
		{E9CEF1CE-C538-4AC3-BE4F-348906DDAF56}.Debug|Any CPU.ActiveCfg = Debug|Any CPU
		{E9CEF1CE-C538-4AC3-BE4F-348906DDAF56}.Debug|Any CPU.Build.0 = Debug|Any CPU
		{E9CEF1CE-C538-4AC3-BE4F-348906DDAF56}.Release|Any CPU.ActiveCfg = Release|Any CPU
		{E9CEF1CE-C538-4AC3-BE4F-348906DDAF56}.Release|Any CPU.Build.0 = Release|Any CPU
		{F7E4F1D7-46BB-40E0-9F3F-BD87D38E12B1}.Debug|Any CPU.ActiveCfg = Debug|Any CPU
		{F7E4F1D7-46BB-40E0-9F3F-BD87D38E12B1}.Debug|Any CPU.Build.0 = Debug|Any CPU
		{F7E4F1D7-46BB-40E0-9F3F-BD87D38E12B1}.Release|Any CPU.ActiveCfg = Release|Any CPU
		{F7E4F1D7-46BB-40E0-9F3F-BD87D38E12B1}.Release|Any CPU.Build.0 = Release|Any CPU
		{B7B4DB1D-7F24-4BB6-87E1-5A8C7933FC10}.Debug|Any CPU.ActiveCfg = Debug|Any CPU
		{B7B4DB1D-7F24-4BB6-87E1-5A8C7933FC10}.Debug|Any CPU.Build.0 = Debug|Any CPU
		{B7B4DB1D-7F24-4BB6-87E1-5A8C7933FC10}.Release|Any CPU.ActiveCfg = Release|Any CPU
		{B7B4DB1D-7F24-4BB6-87E1-5A8C7933FC10}.Release|Any CPU.Build.0 = Release|Any CPU
		{33B964BC-5FF9-4056-BCFC-CD100C9C0348}.Debug|Any CPU.ActiveCfg = Debug|Any CPU
		{33B964BC-5FF9-4056-BCFC-CD100C9C0348}.Debug|Any CPU.Build.0 = Debug|Any CPU
		{33B964BC-5FF9-4056-BCFC-CD100C9C0348}.Release|Any CPU.ActiveCfg = Release|Any CPU
		{33B964BC-5FF9-4056-BCFC-CD100C9C0348}.Release|Any CPU.Build.0 = Release|Any CPU
		{95C6AE97-F27D-45A5-8B6C-FEF50639C051}.Debug|Any CPU.ActiveCfg = Debug|Any CPU
		{95C6AE97-F27D-45A5-8B6C-FEF50639C051}.Debug|Any CPU.Build.0 = Debug|Any CPU
		{95C6AE97-F27D-45A5-8B6C-FEF50639C051}.Release|Any CPU.ActiveCfg = Release|Any CPU
		{95C6AE97-F27D-45A5-8B6C-FEF50639C051}.Release|Any CPU.Build.0 = Release|Any CPU
		{DA04EE6F-32EC-464A-9349-619C8851C542}.Debug|Any CPU.ActiveCfg = Debug|Any CPU
		{DA04EE6F-32EC-464A-9349-619C8851C542}.Debug|Any CPU.Build.0 = Debug|Any CPU
		{DA04EE6F-32EC-464A-9349-619C8851C542}.Release|Any CPU.ActiveCfg = Release|Any CPU
		{DA04EE6F-32EC-464A-9349-619C8851C542}.Release|Any CPU.Build.0 = Release|Any CPU
		{201BB5D5-3EED-4B27-A4AA-FB8B66E14159}.Debug|Any CPU.ActiveCfg = Debug|Any CPU
		{201BB5D5-3EED-4B27-A4AA-FB8B66E14159}.Debug|Any CPU.Build.0 = Debug|Any CPU
		{201BB5D5-3EED-4B27-A4AA-FB8B66E14159}.Release|Any CPU.ActiveCfg = Release|Any CPU
		{201BB5D5-3EED-4B27-A4AA-FB8B66E14159}.Release|Any CPU.Build.0 = Release|Any CPU
		{0FDD1C27-495F-4937-9F31-F658A1CFB73E}.Debug|Any CPU.ActiveCfg = Debug|Any CPU
		{0FDD1C27-495F-4937-9F31-F658A1CFB73E}.Debug|Any CPU.Build.0 = Debug|Any CPU
		{0FDD1C27-495F-4937-9F31-F658A1CFB73E}.Release|Any CPU.ActiveCfg = Release|Any CPU
		{0FDD1C27-495F-4937-9F31-F658A1CFB73E}.Release|Any CPU.Build.0 = Release|Any CPU
		{6D104787-79D9-4BAB-B041-EC55FC9859C9}.Debug|Any CPU.ActiveCfg = Debug|Any CPU
		{6D104787-79D9-4BAB-B041-EC55FC9859C9}.Debug|Any CPU.Build.0 = Debug|Any CPU
		{6D104787-79D9-4BAB-B041-EC55FC9859C9}.Release|Any CPU.ActiveCfg = Release|Any CPU
		{6D104787-79D9-4BAB-B041-EC55FC9859C9}.Release|Any CPU.Build.0 = Release|Any CPU
		{2B7991EC-B779-4DE4-94D5-C6B7CF323C7F}.Debug|Any CPU.ActiveCfg = Debug|Any CPU
		{2B7991EC-B779-4DE4-94D5-C6B7CF323C7F}.Debug|Any CPU.Build.0 = Debug|Any CPU
		{2B7991EC-B779-4DE4-94D5-C6B7CF323C7F}.Release|Any CPU.ActiveCfg = Release|Any CPU
		{2B7991EC-B779-4DE4-94D5-C6B7CF323C7F}.Release|Any CPU.Build.0 = Release|Any CPU
		{4F89BEA5-9EBE-4DBC-BD90-1912E1EA4CC2}.Debug|Any CPU.ActiveCfg = Debug|Any CPU
		{4F89BEA5-9EBE-4DBC-BD90-1912E1EA4CC2}.Debug|Any CPU.Build.0 = Debug|Any CPU
		{4F89BEA5-9EBE-4DBC-BD90-1912E1EA4CC2}.Release|Any CPU.ActiveCfg = Release|Any CPU
		{4F89BEA5-9EBE-4DBC-BD90-1912E1EA4CC2}.Release|Any CPU.Build.0 = Release|Any CPU
		{425BF184-2035-4720-BB53-E7E273763FDA}.Debug|Any CPU.ActiveCfg = Debug|Any CPU
		{425BF184-2035-4720-BB53-E7E273763FDA}.Debug|Any CPU.Build.0 = Debug|Any CPU
		{425BF184-2035-4720-BB53-E7E273763FDA}.Release|Any CPU.ActiveCfg = Release|Any CPU
		{425BF184-2035-4720-BB53-E7E273763FDA}.Release|Any CPU.Build.0 = Release|Any CPU
		{A1E1605D-D3D9-4318-86C8-EBEC2ECB2299}.Debug|Any CPU.ActiveCfg = Debug|Any CPU
		{A1E1605D-D3D9-4318-86C8-EBEC2ECB2299}.Debug|Any CPU.Build.0 = Debug|Any CPU
		{A1E1605D-D3D9-4318-86C8-EBEC2ECB2299}.Release|Any CPU.ActiveCfg = Release|Any CPU
		{A1E1605D-D3D9-4318-86C8-EBEC2ECB2299}.Release|Any CPU.Build.0 = Release|Any CPU
		{896401D6-F2A7-4CF8-A07D-DAFD179F3738}.Debug|Any CPU.ActiveCfg = Debug|Any CPU
		{896401D6-F2A7-4CF8-A07D-DAFD179F3738}.Debug|Any CPU.Build.0 = Debug|Any CPU
		{896401D6-F2A7-4CF8-A07D-DAFD179F3738}.Release|Any CPU.ActiveCfg = Release|Any CPU
		{896401D6-F2A7-4CF8-A07D-DAFD179F3738}.Release|Any CPU.Build.0 = Release|Any CPU
		{4EF12B0A-189B-4E27-9B94-4A1135FB2784}.Debug|Any CPU.ActiveCfg = Debug|Any CPU
		{4EF12B0A-189B-4E27-9B94-4A1135FB2784}.Debug|Any CPU.Build.0 = Debug|Any CPU
		{4EF12B0A-189B-4E27-9B94-4A1135FB2784}.Release|Any CPU.ActiveCfg = Release|Any CPU
		{4EF12B0A-189B-4E27-9B94-4A1135FB2784}.Release|Any CPU.Build.0 = Release|Any CPU
		{3AE3FD5D-23C7-4E92-B528-75E7F813794F}.Debug|Any CPU.ActiveCfg = Debug|Any CPU
		{3AE3FD5D-23C7-4E92-B528-75E7F813794F}.Debug|Any CPU.Build.0 = Debug|Any CPU
		{3AE3FD5D-23C7-4E92-B528-75E7F813794F}.Release|Any CPU.ActiveCfg = Release|Any CPU
		{3AE3FD5D-23C7-4E92-B528-75E7F813794F}.Release|Any CPU.Build.0 = Release|Any CPU
		{AA5E762F-0001-416E-B266-70BBE77C4B31}.Debug|Any CPU.ActiveCfg = Debug|Any CPU
		{AA5E762F-0001-416E-B266-70BBE77C4B31}.Debug|Any CPU.Build.0 = Debug|Any CPU
		{AA5E762F-0001-416E-B266-70BBE77C4B31}.Release|Any CPU.ActiveCfg = Release|Any CPU
		{AA5E762F-0001-416E-B266-70BBE77C4B31}.Release|Any CPU.Build.0 = Release|Any CPU
		{8DF6987D-DCE0-4C2A-8255-E2A7BBDB60D1}.Debug|Any CPU.ActiveCfg = Debug|Any CPU
		{8DF6987D-DCE0-4C2A-8255-E2A7BBDB60D1}.Debug|Any CPU.Build.0 = Debug|Any CPU
		{8DF6987D-DCE0-4C2A-8255-E2A7BBDB60D1}.Release|Any CPU.ActiveCfg = Release|Any CPU
		{8DF6987D-DCE0-4C2A-8255-E2A7BBDB60D1}.Release|Any CPU.Build.0 = Release|Any CPU
		{A2C48A96-2908-4B91-A624-0E0C3EED4A47}.Debug|Any CPU.ActiveCfg = Debug|Any CPU
		{A2C48A96-2908-4B91-A624-0E0C3EED4A47}.Debug|Any CPU.Build.0 = Debug|Any CPU
		{A2C48A96-2908-4B91-A624-0E0C3EED4A47}.Release|Any CPU.ActiveCfg = Release|Any CPU
		{A2C48A96-2908-4B91-A624-0E0C3EED4A47}.Release|Any CPU.Build.0 = Release|Any CPU
		{708EA071-1653-4176-9D14-FFB85DE3424F}.Debug|Any CPU.ActiveCfg = Debug|Any CPU
		{708EA071-1653-4176-9D14-FFB85DE3424F}.Debug|Any CPU.Build.0 = Debug|Any CPU
		{708EA071-1653-4176-9D14-FFB85DE3424F}.Release|Any CPU.ActiveCfg = Release|Any CPU
		{708EA071-1653-4176-9D14-FFB85DE3424F}.Release|Any CPU.Build.0 = Release|Any CPU
		{0EDC5CCB-0DDE-476F-B286-F65024E0D5B6}.Debug|Any CPU.ActiveCfg = Debug|Any CPU
		{0EDC5CCB-0DDE-476F-B286-F65024E0D5B6}.Debug|Any CPU.Build.0 = Debug|Any CPU
		{0EDC5CCB-0DDE-476F-B286-F65024E0D5B6}.Release|Any CPU.ActiveCfg = Release|Any CPU
		{0EDC5CCB-0DDE-476F-B286-F65024E0D5B6}.Release|Any CPU.Build.0 = Release|Any CPU
		{A3A56BE0-8A78-4A56-BFFB-8AC49223D3A4}.Debug|Any CPU.ActiveCfg = Debug|Any CPU
		{A3A56BE0-8A78-4A56-BFFB-8AC49223D3A4}.Debug|Any CPU.Build.0 = Debug|Any CPU
		{A3A56BE0-8A78-4A56-BFFB-8AC49223D3A4}.Release|Any CPU.ActiveCfg = Release|Any CPU
		{A3A56BE0-8A78-4A56-BFFB-8AC49223D3A4}.Release|Any CPU.Build.0 = Release|Any CPU
		{49D03CD3-B469-4364-A750-D12FCAE9FECD}.Debug|Any CPU.ActiveCfg = Debug|Any CPU
		{49D03CD3-B469-4364-A750-D12FCAE9FECD}.Debug|Any CPU.Build.0 = Debug|Any CPU
		{49D03CD3-B469-4364-A750-D12FCAE9FECD}.Release|Any CPU.ActiveCfg = Release|Any CPU
		{49D03CD3-B469-4364-A750-D12FCAE9FECD}.Release|Any CPU.Build.0 = Release|Any CPU
		{86537089-178A-4486-8DE7-B767859A0DB6}.Debug|Any CPU.ActiveCfg = Debug|Any CPU
		{86537089-178A-4486-8DE7-B767859A0DB6}.Debug|Any CPU.Build.0 = Debug|Any CPU
		{86537089-178A-4486-8DE7-B767859A0DB6}.Release|Any CPU.ActiveCfg = Release|Any CPU
		{86537089-178A-4486-8DE7-B767859A0DB6}.Release|Any CPU.Build.0 = Release|Any CPU
		{01D9CE8A-6341-4ED0-A5C7-9B933FAC9C6F}.Debug|Any CPU.ActiveCfg = Debug|Any CPU
		{01D9CE8A-6341-4ED0-A5C7-9B933FAC9C6F}.Debug|Any CPU.Build.0 = Debug|Any CPU
		{01D9CE8A-6341-4ED0-A5C7-9B933FAC9C6F}.Release|Any CPU.ActiveCfg = Release|Any CPU
		{01D9CE8A-6341-4ED0-A5C7-9B933FAC9C6F}.Release|Any CPU.Build.0 = Release|Any CPU
		{661127E6-2470-4186-A1E1-CA507874C784}.Debug|Any CPU.ActiveCfg = Debug|Any CPU
		{661127E6-2470-4186-A1E1-CA507874C784}.Debug|Any CPU.Build.0 = Debug|Any CPU
		{661127E6-2470-4186-A1E1-CA507874C784}.Release|Any CPU.ActiveCfg = Release|Any CPU
		{661127E6-2470-4186-A1E1-CA507874C784}.Release|Any CPU.Build.0 = Release|Any CPU
		{928B1352-E901-4CCB-B2E7-4EFEAA0555A6}.Debug|Any CPU.ActiveCfg = Debug|Any CPU
		{928B1352-E901-4CCB-B2E7-4EFEAA0555A6}.Debug|Any CPU.Build.0 = Debug|Any CPU
		{928B1352-E901-4CCB-B2E7-4EFEAA0555A6}.Release|Any CPU.ActiveCfg = Release|Any CPU
		{928B1352-E901-4CCB-B2E7-4EFEAA0555A6}.Release|Any CPU.Build.0 = Release|Any CPU
		{6DE7494A-1066-49B7-AF1B-6478FD3E22D0}.Debug|Any CPU.ActiveCfg = Debug|Any CPU
		{6DE7494A-1066-49B7-AF1B-6478FD3E22D0}.Debug|Any CPU.Build.0 = Debug|Any CPU
		{6DE7494A-1066-49B7-AF1B-6478FD3E22D0}.Release|Any CPU.ActiveCfg = Release|Any CPU
		{6DE7494A-1066-49B7-AF1B-6478FD3E22D0}.Release|Any CPU.Build.0 = Release|Any CPU
		{BF899532-B48E-4EB7-A577-FE7212D2DEC6}.Debug|Any CPU.ActiveCfg = Debug|Any CPU
		{BF899532-B48E-4EB7-A577-FE7212D2DEC6}.Debug|Any CPU.Build.0 = Debug|Any CPU
		{BF899532-B48E-4EB7-A577-FE7212D2DEC6}.Release|Any CPU.ActiveCfg = Release|Any CPU
		{BF899532-B48E-4EB7-A577-FE7212D2DEC6}.Release|Any CPU.Build.0 = Release|Any CPU
		{4B940622-3D56-4BB8-8C7B-3C73BF3CD111}.Debug|Any CPU.ActiveCfg = Debug|Any CPU
		{4B940622-3D56-4BB8-8C7B-3C73BF3CD111}.Debug|Any CPU.Build.0 = Debug|Any CPU
		{4B940622-3D56-4BB8-8C7B-3C73BF3CD111}.Release|Any CPU.ActiveCfg = Release|Any CPU
		{4B940622-3D56-4BB8-8C7B-3C73BF3CD111}.Release|Any CPU.Build.0 = Release|Any CPU
		{1698D7B4-C246-4DA2-9B99-20C8334BB244}.Debug|Any CPU.ActiveCfg = Debug|Any CPU
		{1698D7B4-C246-4DA2-9B99-20C8334BB244}.Debug|Any CPU.Build.0 = Debug|Any CPU
		{1698D7B4-C246-4DA2-9B99-20C8334BB244}.Release|Any CPU.ActiveCfg = Release|Any CPU
		{1698D7B4-C246-4DA2-9B99-20C8334BB244}.Release|Any CPU.Build.0 = Release|Any CPU
		{73A5A5FF-AFA2-4165-A37B-7712D039CF34}.Debug|Any CPU.ActiveCfg = Debug|Any CPU
		{73A5A5FF-AFA2-4165-A37B-7712D039CF34}.Debug|Any CPU.Build.0 = Debug|Any CPU
		{73A5A5FF-AFA2-4165-A37B-7712D039CF34}.Release|Any CPU.ActiveCfg = Release|Any CPU
		{73A5A5FF-AFA2-4165-A37B-7712D039CF34}.Release|Any CPU.Build.0 = Release|Any CPU
		{BC9003BF-B05F-45BB-9AE0-FF38E1F1BC03}.Debug|Any CPU.ActiveCfg = Debug|Any CPU
		{BC9003BF-B05F-45BB-9AE0-FF38E1F1BC03}.Debug|Any CPU.Build.0 = Debug|Any CPU
		{BC9003BF-B05F-45BB-9AE0-FF38E1F1BC03}.Release|Any CPU.ActiveCfg = Release|Any CPU
		{BC9003BF-B05F-45BB-9AE0-FF38E1F1BC03}.Release|Any CPU.Build.0 = Release|Any CPU
		{55AE797A-FA74-4546-B2B8-3049CE769B1B}.Debug|Any CPU.ActiveCfg = Debug|Any CPU
		{55AE797A-FA74-4546-B2B8-3049CE769B1B}.Debug|Any CPU.Build.0 = Debug|Any CPU
		{55AE797A-FA74-4546-B2B8-3049CE769B1B}.Release|Any CPU.ActiveCfg = Release|Any CPU
		{55AE797A-FA74-4546-B2B8-3049CE769B1B}.Release|Any CPU.Build.0 = Release|Any CPU
		{7EAEE005-5879-421E-A952-9DA3FD12171E}.Debug|Any CPU.ActiveCfg = Debug|Any CPU
		{7EAEE005-5879-421E-A952-9DA3FD12171E}.Debug|Any CPU.Build.0 = Debug|Any CPU
		{7EAEE005-5879-421E-A952-9DA3FD12171E}.Release|Any CPU.ActiveCfg = Release|Any CPU
		{7EAEE005-5879-421E-A952-9DA3FD12171E}.Release|Any CPU.Build.0 = Release|Any CPU
		{6A278530-CA81-4A04-9812-D57978301DAF}.Debug|Any CPU.ActiveCfg = Debug|Any CPU
		{6A278530-CA81-4A04-9812-D57978301DAF}.Debug|Any CPU.Build.0 = Debug|Any CPU
		{6A278530-CA81-4A04-9812-D57978301DAF}.Release|Any CPU.ActiveCfg = Release|Any CPU
		{6A278530-CA81-4A04-9812-D57978301DAF}.Release|Any CPU.Build.0 = Release|Any CPU
		{19BBFB9F-7978-4E20-BA59-B4261192FB1B}.Debug|Any CPU.ActiveCfg = Debug|Any CPU
		{19BBFB9F-7978-4E20-BA59-B4261192FB1B}.Debug|Any CPU.Build.0 = Debug|Any CPU
		{19BBFB9F-7978-4E20-BA59-B4261192FB1B}.Release|Any CPU.ActiveCfg = Release|Any CPU
		{19BBFB9F-7978-4E20-BA59-B4261192FB1B}.Release|Any CPU.Build.0 = Release|Any CPU
	EndGlobalSection
	GlobalSection(SolutionProperties) = preSolution
		HideSolutionNode = FALSE
	EndGlobalSection
	GlobalSection(NestedProjects) = preSolution
		{A9167152-3E5A-49CD-8364-0F4A636FEC84} = {5CD9ED05-FDAB-4781-95CA-8F9E6FB19A6C}
		{E9CEF1CE-C538-4AC3-BE4F-348906DDAF56} = {5CD9ED05-FDAB-4781-95CA-8F9E6FB19A6C}
		{F7E4F1D7-46BB-40E0-9F3F-BD87D38E12B1} = {68E72B1C-36A9-4CF8-A554-AEB85C08BA81}
		{B7B4DB1D-7F24-4BB6-87E1-5A8C7933FC10} = {68E72B1C-36A9-4CF8-A554-AEB85C08BA81}
		{33B964BC-5FF9-4056-BCFC-CD100C9C0348} = {68E72B1C-36A9-4CF8-A554-AEB85C08BA81}
		{95C6AE97-F27D-45A5-8B6C-FEF50639C051} = {68E72B1C-36A9-4CF8-A554-AEB85C08BA81}
		{DA04EE6F-32EC-464A-9349-619C8851C542} = {68E72B1C-36A9-4CF8-A554-AEB85C08BA81}
		{201BB5D5-3EED-4B27-A4AA-FB8B66E14159} = {68E72B1C-36A9-4CF8-A554-AEB85C08BA81}
		{0FDD1C27-495F-4937-9F31-F658A1CFB73E} = {00CFBB52-2FD7-479F-8A12-0A841D964491}
		{6D104787-79D9-4BAB-B041-EC55FC9859C9} = {00CFBB52-2FD7-479F-8A12-0A841D964491}
		{2B7991EC-B779-4DE4-94D5-C6B7CF323C7F} = {00CFBB52-2FD7-479F-8A12-0A841D964491}
		{4F89BEA5-9EBE-4DBC-BD90-1912E1EA4CC2} = {00CFBB52-2FD7-479F-8A12-0A841D964491}
		{425BF184-2035-4720-BB53-E7E273763FDA} = {00CFBB52-2FD7-479F-8A12-0A841D964491}
		{A1E1605D-D3D9-4318-86C8-EBEC2ECB2299} = {00CFBB52-2FD7-479F-8A12-0A841D964491}
		{896401D6-F2A7-4CF8-A07D-DAFD179F3738} = {12AFE04F-8F51-4B70-A8A8-7E04169D2438}
		{4EF12B0A-189B-4E27-9B94-4A1135FB2784} = {12AFE04F-8F51-4B70-A8A8-7E04169D2438}
		{3AE3FD5D-23C7-4E92-B528-75E7F813794F} = {12AFE04F-8F51-4B70-A8A8-7E04169D2438}
		{AA5E762F-0001-416E-B266-70BBE77C4B31} = {12AFE04F-8F51-4B70-A8A8-7E04169D2438}
		{8DF6987D-DCE0-4C2A-8255-E2A7BBDB60D1} = {12AFE04F-8F51-4B70-A8A8-7E04169D2438}
		{A2C48A96-2908-4B91-A624-0E0C3EED4A47} = {12AFE04F-8F51-4B70-A8A8-7E04169D2438}
		{708EA071-1653-4176-9D14-FFB85DE3424F} = {12AFE04F-8F51-4B70-A8A8-7E04169D2438}
		{0EDC5CCB-0DDE-476F-B286-F65024E0D5B6} = {BE0D7751-8E28-4300-B952-66C4B4E7E993}
		{A3A56BE0-8A78-4A56-BFFB-8AC49223D3A4} = {BE0D7751-8E28-4300-B952-66C4B4E7E993}
		{49D03CD3-B469-4364-A750-D12FCAE9FECD} = {BE0D7751-8E28-4300-B952-66C4B4E7E993}
		{86537089-178A-4486-8DE7-B767859A0DB6} = {87A4C1FA-7D1D-4A17-B15A-60BAB1EE70EC}
		{01D9CE8A-6341-4ED0-A5C7-9B933FAC9C6F} = {87A4C1FA-7D1D-4A17-B15A-60BAB1EE70EC}
		{661127E6-2470-4186-A1E1-CA507874C784} = {87A4C1FA-7D1D-4A17-B15A-60BAB1EE70EC}
		{928B1352-E901-4CCB-B2E7-4EFEAA0555A6} = {87A4C1FA-7D1D-4A17-B15A-60BAB1EE70EC}
		{6DE7494A-1066-49B7-AF1B-6478FD3E22D0} = {87A4C1FA-7D1D-4A17-B15A-60BAB1EE70EC}
		{BF899532-B48E-4EB7-A577-FE7212D2DEC6} = {87A4C1FA-7D1D-4A17-B15A-60BAB1EE70EC}
		{4B940622-3D56-4BB8-8C7B-3C73BF3CD111} = {87A4C1FA-7D1D-4A17-B15A-60BAB1EE70EC}
		{1698D7B4-C246-4DA2-9B99-20C8334BB244} = {87A4C1FA-7D1D-4A17-B15A-60BAB1EE70EC}
		{73A5A5FF-AFA2-4165-A37B-7712D039CF34} = {6E42BBC8-19CB-4BDB-97B3-EF1D2E8817FA}
		{BC9003BF-B05F-45BB-9AE0-FF38E1F1BC03} = {6E42BBC8-19CB-4BDB-97B3-EF1D2E8817FA}
		{55AE797A-FA74-4546-B2B8-3049CE769B1B} = {4A28BB0E-1570-400E-B67A-BE8932035042}
		{7EAEE005-5879-421E-A952-9DA3FD12171E} = {4A28BB0E-1570-400E-B67A-BE8932035042}
		{6A278530-CA81-4A04-9812-D57978301DAF} = {4462AD99-DBC6-41BF-8B5B-9B5D1DA7F31C}
		{19BBFB9F-7978-4E20-BA59-B4261192FB1B} = {4462AD99-DBC6-41BF-8B5B-9B5D1DA7F31C}
	EndGlobalSection
EndGlobal
